github.com/golang/mock v1.6.0 h1:ErTB+efbowRARo13NNdxyJji2egdxLGQhRaY+DUumQc=
github.com/golang/mock v1.6.0/go.mod h1:p6yTPP+5HYm5mzsMV8JkE6ZKdX+/wYM6Hr+LicevLPs=
golang.org/x/crypto v0.46.0 h1:cKRW/pmt1pKAfetfu+RCEvjvZkA9RimPbh7bhFjGVBU=
golang.org/x/crypto v0.46.0/go.mod h1:Evb/oLKmMraqjZ2iQTwDwvCtJkczlDuTmdJXoZVzqU0=
golang.org/x/sys v0.39.0 h1:CvCKL8MeisomCi6qNZ+wbb0DN9E5AATixKsvNtMoMFk=
golang.org/x/sys v0.39.0/go.mod h1:OgkHotnGiDImocRcuBABYBEXf8A9a87e/uXjp9XT3ks=
golang.org/x/term v0.38.0 h1:PQ5pkm/rLO6HnxFR7N2lJHOZX6Kez5Y1gDSJla6jo7Q=
golang.org/x/term v0.38.0/go.mod h1:bSEAKrOT1W+VSu9TSCMtoGEOUcKxOKgl3LE5QEF/xVg=
sigsum.org/sigsum-go v0.13.1 h1:q3LCLow8dWmy2hivXhEwu2uNeCwigIbLMwS1+CD35Lo=
sigsum.org/sigsum-go v0.13.1/go.mod h1:7ID0cqoLWQ+9B8bGnVdp58/Hwdfj132XDgU6CP6W2ck=
